// !$*UTF8*$!
{
	archiveVersion = 1;
	classes = {
	};
	objectVersion = 56;
	objects = {

/* Begin PBXBuildFile section */
		93F0FFDE2C5ED56100704835 /* Triangle.swift in Sources */ = {isa = PBXBuildFile; fileRef = 93F0FFDD2C5ED56100704835 /* Triangle.swift */; };
		93F0FFE12C5EF75200704835 /* FlowKit in Frameworks */ = {isa = PBXBuildFile; productRef = 93F0FFE02C5EF75200704835 /* FlowKit */; };
		93F0FFE32C5EF82000704835 /* README.md in Resources */ = {isa = PBXBuildFile; fileRef = 93F0FFE22C5EF82000704835 /* README.md */; };
		93F1010F2C5EB63E00704FAE /* AppMain.swift in Sources */ = {isa = PBXBuildFile; fileRef = 93F1010E2C5EB63E00704FAE /* AppMain.swift */; };
		93F101112C5EB63E00704FAE /* MainView.swift in Sources */ = {isa = PBXBuildFile; fileRef = 93F101102C5EB63E00704FAE /* MainView.swift */; };
		93F101132C5EB63F00704FAE /* Assets.xcassets in Resources */ = {isa = PBXBuildFile; fileRef = 93F101122C5EB63F00704FAE /* Assets.xcassets */; };
		93F1011D2C5EB6EA00704FAE /* MainViewModel.swift in Sources */ = {isa = PBXBuildFile; fileRef = 93F1011C2C5EB6EA00704FAE /* MainViewModel.swift */; };
/* End PBXBuildFile section */

/* Begin PBXFileReference section */
		93F0FFDD2C5ED56100704835 /* Triangle.swift */ = {isa = PBXFileReference; lastKnownFileType = sourcecode.swift; path = Triangle.swift; sourceTree = "<group>"; };
		93F0FFE22C5EF82000704835 /* README.md */ = {isa = PBXFileReference; lastKnownFileType = net.daringfireball.markdown; path = README.md; sourceTree = "<group>"; };
		93F1010B2C5EB63E00704FAE /* BiteBuddies.app */ = {isa = PBXFileReference; explicitFileType = wrapper.application; includeInIndex = 0; path = BiteBuddies.app; sourceTree = BUILT_PRODUCTS_DIR; };
		93F1010E2C5EB63E00704FAE /* AppMain.swift */ = {isa = PBXFileReference; lastKnownFileType = sourcecode.swift; path = AppMain.swift; sourceTree = "<group>"; };
		93F101102C5EB63E00704FAE /* MainView.swift */ = {isa = PBXFileReference; lastKnownFileType = sourcecode.swift; path = MainView.swift; sourceTree = "<group>"; };
		93F101122C5EB63F00704FAE /* Assets.xcassets */ = {isa = PBXFileReference; lastKnownFileType = folder.assetcatalog; path = Assets.xcassets; sourceTree = "<group>"; };
		93F1011C2C5EB6EA00704FAE /* MainViewModel.swift */ = {isa = PBXFileReference; lastKnownFileType = sourcecode.swift; path = MainViewModel.swift; sourceTree = "<group>"; };
/* End PBXFileReference section */

/* Begin PBXFrameworksBuildPhase section */
		93F101082C5EB63E00704FAE /* Frameworks */ = {
			isa = PBXFrameworksBuildPhase;
			buildActionMask = 2147483647;
			files = (
				93F0FFE12C5EF75200704835 /* FlowKit in Frameworks */,
			);
			runOnlyForDeploymentPostprocessing = 0;
		};
/* End PBXFrameworksBuildPhase section */

/* Begin PBXGroup section */
		93F0FFE42C5EF87C00704835 /* Resource */ = {
			isa = PBXGroup;
			children = (
				93F101122C5EB63F00704FAE /* Assets.xcassets */,
			);
			path = Resource;
			sourceTree = "<group>";
		};
		93F0FFE52C5EF8A500704835 /* Source */ = {
			isa = PBXGroup;
			children = (
				93F0FFE62C5EF8AC00704835 /* Application */,
				93F0FFE72C5EF8B100704835 /* Component */,
				93F0FFE82C5EF8B900704835 /* Feature */,
			);
			path = Source;
			sourceTree = "<group>";
		};
		93F0FFE62C5EF8AC00704835 /* Application */ = {
			isa = PBXGroup;
			children = (
				93F1010E2C5EB63E00704FAE /* AppMain.swift */,
			);
			path = Application;
			sourceTree = "<group>";
		};
		93F0FFE72C5EF8B100704835 /* Component */ = {
			isa = PBXGroup;
			children = (
				93F0FFDD2C5ED56100704835 /* Triangle.swift */,
			);
			path = Component;
			sourceTree = "<group>";
		};
		93F0FFE82C5EF8B900704835 /* Feature */ = {
			isa = PBXGroup;
			children = (
				93F0FFE92C5EF8C100704835 /* Main */,
			);
			path = Feature;
			sourceTree = "<group>";
		};
		93F0FFE92C5EF8C100704835 /* Main */ = {
			isa = PBXGroup;
			children = (
				93F101102C5EB63E00704FAE /* MainView.swift */,
				93F1011C2C5EB6EA00704FAE /* MainViewModel.swift */,
			);
			path = Main;
			sourceTree = "<group>";
		};
		93F101022C5EB63E00704FAE = {
			isa = PBXGroup;
			children = (
				93F1010D2C5EB63E00704FAE /* BiteBuddies */,
				93F1010C2C5EB63E00704FAE /* Products */,
			);
			sourceTree = "<group>";
		};
		93F1010C2C5EB63E00704FAE /* Products */ = {
			isa = PBXGroup;
			children = (
				93F1010B2C5EB63E00704FAE /* BiteBuddies.app */,
			);
			name = Products;
			sourceTree = "<group>";
		};
		93F1010D2C5EB63E00704FAE /* BiteBuddies */ = {
			isa = PBXGroup;
			children = (
				93F0FFE22C5EF82000704835 /* README.md */,
				93F0FFE42C5EF87C00704835 /* Resource */,
				93F0FFE52C5EF8A500704835 /* Source */,
			);
			path = BiteBuddies;
			sourceTree = "<group>";
		};
/* End PBXGroup section */

/* Begin PBXNativeTarget section */
		93F1010A2C5EB63E00704FAE /* BiteBuddies */ = {
			isa = PBXNativeTarget;
			buildConfigurationList = 93F101192C5EB63F00704FAE /* Build configuration list for PBXNativeTarget "BiteBuddies" */;
			buildPhases = (
				93F101072C5EB63E00704FAE /* Sources */,
				93F101082C5EB63E00704FAE /* Frameworks */,
				93F101092C5EB63E00704FAE /* Resources */,
			);
			buildRules = (
			);
			dependencies = (
			);
			name = BiteBuddies;
			packageProductDependencies = (
				93F0FFE02C5EF75200704835 /* FlowKit */,
			);
			productName = BiteBuddies;
			productReference = 93F1010B2C5EB63E00704FAE /* BiteBuddies.app */;
			productType = "com.apple.product-type.application";
		};
/* End PBXNativeTarget section */

/* Begin PBXProject section */
		93F101032C5EB63E00704FAE /* Project object */ = {
			isa = PBXProject;
			attributes = {
				BuildIndependentTargetsInParallel = 1;
				LastSwiftUpdateCheck = 1540;
				LastUpgradeCheck = 1540;
				TargetAttributes = {
					93F1010A2C5EB63E00704FAE = {
						CreatedOnToolsVersion = 15.4;
					};
				};
			};
			buildConfigurationList = 93F101062C5EB63E00704FAE /* Build configuration list for PBXProject "BiteBuddies" */;
			compatibilityVersion = "Xcode 14.0";
			developmentRegion = en;
			hasScannedForEncodings = 0;
			knownRegions = (
				en,
				Base,
			);
			mainGroup = 93F101022C5EB63E00704FAE;
			packageReferences = (
				93F0FFDF2C5EF75200704835 /* XCRemoteSwiftPackageReference "FlowKit" */,
			);
			productRefGroup = 93F1010C2C5EB63E00704FAE /* Products */;
			projectDirPath = "";
			projectRoot = "";
			targets = (
				93F1010A2C5EB63E00704FAE /* BiteBuddies */,
			);
		};
/* End PBXProject section */

/* Begin PBXResourcesBuildPhase section */
		93F101092C5EB63E00704FAE /* Resources */ = {
			isa = PBXResourcesBuildPhase;
			buildActionMask = 2147483647;
			files = (
				93F0FFE32C5EF82000704835 /* README.md in Resources */,
				93F101132C5EB63F00704FAE /* Assets.xcassets in Resources */,
			);
			runOnlyForDeploymentPostprocessing = 0;
		};
/* End PBXResourcesBuildPhase section */

/* Begin PBXSourcesBuildPhase section */
		93F101072C5EB63E00704FAE /* Sources */ = {
			isa = PBXSourcesBuildPhase;
			buildActionMask = 2147483647;
			files = (
				93F101112C5EB63E00704FAE /* MainView.swift in Sources */,
				93F1010F2C5EB63E00704FAE /* AppMain.swift in Sources */,
				93F1011D2C5EB6EA00704FAE /* MainViewModel.swift in Sources */,
				93F0FFDE2C5ED56100704835 /* Triangle.swift in Sources */,
			);
			runOnlyForDeploymentPostprocessing = 0;
		};
/* End PBXSourcesBuildPhase section */

/* Begin XCBuildConfiguration section */
		93F101172C5EB63F00704FAE /* Debug */ = {
			isa = XCBuildConfiguration;
			buildSettings = {
				ALWAYS_SEARCH_USER_PATHS = NO;
				ASSETCATALOG_COMPILER_GENERATE_SWIFT_ASSET_SYMBOL_EXTENSIONS = YES;
				CLANG_ANALYZER_NONNULL = YES;
				CLANG_ANALYZER_NUMBER_OBJECT_CONVERSION = YES_AGGRESSIVE;
				CLANG_CXX_LANGUAGE_STANDARD = "gnu++20";
				CLANG_ENABLE_MODULES = YES;
				CLANG_ENABLE_OBJC_ARC = YES;
				CLANG_ENABLE_OBJC_WEAK = YES;
				CLANG_WARN_BLOCK_CAPTURE_AUTORELEASING = YES;
				CLANG_WARN_BOOL_CONVERSION = YES;
				CLANG_WARN_COMMA = YES;
				CLANG_WARN_CONSTANT_CONVERSION = YES;
				CLANG_WARN_DEPRECATED_OBJC_IMPLEMENTATIONS = YES;
				CLANG_WARN_DIRECT_OBJC_ISA_USAGE = YES_ERROR;
				CLANG_WARN_DOCUMENTATION_COMMENTS = YES;
				CLANG_WARN_EMPTY_BODY = YES;
				CLANG_WARN_ENUM_CONVERSION = YES;
				CLANG_WARN_INFINITE_RECURSION = YES;
				CLANG_WARN_INT_CONVERSION = YES;
				CLANG_WARN_NON_LITERAL_NULL_CONVERSION = YES;
				CLANG_WARN_OBJC_IMPLICIT_RETAIN_SELF = YES;
				CLANG_WARN_OBJC_LITERAL_CONVERSION = YES;
				CLANG_WARN_OBJC_ROOT_CLASS = YES_ERROR;
				CLANG_WARN_QUOTED_INCLUDE_IN_FRAMEWORK_HEADER = YES;
				CLANG_WARN_RANGE_LOOP_ANALYSIS = YES;
				CLANG_WARN_STRICT_PROTOTYPES = YES;
				CLANG_WARN_SUSPICIOUS_MOVE = YES;
				CLANG_WARN_UNGUARDED_AVAILABILITY = YES_AGGRESSIVE;
				CLANG_WARN_UNREACHABLE_CODE = YES;
				CLANG_WARN__DUPLICATE_METHOD_MATCH = YES;
				COPY_PHASE_STRIP = NO;
				DEBUG_INFORMATION_FORMAT = dwarf;
				ENABLE_STRICT_OBJC_MSGSEND = YES;
				ENABLE_TESTABILITY = YES;
				ENABLE_USER_SCRIPT_SANDBOXING = YES;
				GCC_C_LANGUAGE_STANDARD = gnu17;
				GCC_DYNAMIC_NO_PIC = NO;
				GCC_NO_COMMON_BLOCKS = YES;
				GCC_OPTIMIZATION_LEVEL = 0;
				GCC_PREPROCESSOR_DEFINITIONS = (
					"DEBUG=1",
					"$(inherited)",
				);
				GCC_WARN_64_TO_32_BIT_CONVERSION = YES;
				GCC_WARN_ABOUT_RETURN_TYPE = YES_ERROR;
				GCC_WARN_UNDECLARED_SELECTOR = YES;
				GCC_WARN_UNINITIALIZED_AUTOS = YES_AGGRESSIVE;
				GCC_WARN_UNUSED_FUNCTION = YES;
				GCC_WARN_UNUSED_VARIABLE = YES;
				IPHONEOS_DEPLOYMENT_TARGET = 17.0;
				LOCALIZATION_PREFERS_STRING_CATALOGS = YES;
				MTL_ENABLE_DEBUG_INFO = INCLUDE_SOURCE;
				MTL_FAST_MATH = YES;
				ONLY_ACTIVE_ARCH = YES;
				SDKROOT = iphoneos;
				SWIFT_ACTIVE_COMPILATION_CONDITIONS = "DEBUG $(inherited)";
				SWIFT_OPTIMIZATION_LEVEL = "-Onone";
			};
			name = Debug;
		};
		93F101182C5EB63F00704FAE /* Release */ = {
			isa = XCBuildConfiguration;
			buildSettings = {
				ALWAYS_SEARCH_USER_PATHS = NO;
				ASSETCATALOG_COMPILER_GENERATE_SWIFT_ASSET_SYMBOL_EXTENSIONS = YES;
				CLANG_ANALYZER_NONNULL = YES;
				CLANG_ANALYZER_NUMBER_OBJECT_CONVERSION = YES_AGGRESSIVE;
				CLANG_CXX_LANGUAGE_STANDARD = "gnu++20";
				CLANG_ENABLE_MODULES = YES;
				CLANG_ENABLE_OBJC_ARC = YES;
				CLANG_ENABLE_OBJC_WEAK = YES;
				CLANG_WARN_BLOCK_CAPTURE_AUTORELEASING = YES;
				CLANG_WARN_BOOL_CONVERSION = YES;
				CLANG_WARN_COMMA = YES;
				CLANG_WARN_CONSTANT_CONVERSION = YES;
				CLANG_WARN_DEPRECATED_OBJC_IMPLEMENTATIONS = YES;
				CLANG_WARN_DIRECT_OBJC_ISA_USAGE = YES_ERROR;
				CLANG_WARN_DOCUMENTATION_COMMENTS = YES;
				CLANG_WARN_EMPTY_BODY = YES;
				CLANG_WARN_ENUM_CONVERSION = YES;
				CLANG_WARN_INFINITE_RECURSION = YES;
				CLANG_WARN_INT_CONVERSION = YES;
				CLANG_WARN_NON_LITERAL_NULL_CONVERSION = YES;
				CLANG_WARN_OBJC_IMPLICIT_RETAIN_SELF = YES;
				CLANG_WARN_OBJC_LITERAL_CONVERSION = YES;
				CLANG_WARN_OBJC_ROOT_CLASS = YES_ERROR;
				CLANG_WARN_QUOTED_INCLUDE_IN_FRAMEWORK_HEADER = YES;
				CLANG_WARN_RANGE_LOOP_ANALYSIS = YES;
				CLANG_WARN_STRICT_PROTOTYPES = YES;
				CLANG_WARN_SUSPICIOUS_MOVE = YES;
				CLANG_WARN_UNGUARDED_AVAILABILITY = YES_AGGRESSIVE;
				CLANG_WARN_UNREACHABLE_CODE = YES;
				CLANG_WARN__DUPLICATE_METHOD_MATCH = YES;
				COPY_PHASE_STRIP = NO;
				DEBUG_INFORMATION_FORMAT = "dwarf-with-dsym";
				ENABLE_NS_ASSERTIONS = NO;
				ENABLE_STRICT_OBJC_MSGSEND = YES;
				ENABLE_USER_SCRIPT_SANDBOXING = YES;
				GCC_C_LANGUAGE_STANDARD = gnu17;
				GCC_NO_COMMON_BLOCKS = YES;
				GCC_WARN_64_TO_32_BIT_CONVERSION = YES;
				GCC_WARN_ABOUT_RETURN_TYPE = YES_ERROR;
				GCC_WARN_UNDECLARED_SELECTOR = YES;
				GCC_WARN_UNINITIALIZED_AUTOS = YES_AGGRESSIVE;
				GCC_WARN_UNUSED_FUNCTION = YES;
				GCC_WARN_UNUSED_VARIABLE = YES;
				IPHONEOS_DEPLOYMENT_TARGET = 17.0;
				LOCALIZATION_PREFERS_STRING_CATALOGS = YES;
				MTL_ENABLE_DEBUG_INFO = NO;
				MTL_FAST_MATH = YES;
				SDKROOT = iphoneos;
				SWIFT_COMPILATION_MODE = wholemodule;
				VALIDATE_PRODUCT = YES;
			};
			name = Release;
		};
		93F1011A2C5EB63F00704FAE /* Debug */ = {
			isa = XCBuildConfiguration;
			buildSettings = {
				ASSETCATALOG_COMPILER_APPICON_NAME = AppIcon;
				ASSETCATALOG_COMPILER_GLOBAL_ACCENT_COLOR_NAME = AccentColor;
				CODE_SIGN_IDENTITY = "Apple Development";
				CODE_SIGN_STYLE = Automatic;
				CURRENT_PROJECT_VERSION = 1;
				DEVELOPMENT_TEAM = 56V747V83R;
				ENABLE_PREVIEWS = YES;
				GENERATE_INFOPLIST_FILE = YES;
				INFOPLIST_FILE = BiteBuddies/Info.plist;
				INFOPLIST_KEY_CFBundleDisplayName = "Bite Buddies";
				INFOPLIST_KEY_NSLocationAlwaysAndWhenInUseUsageDescription = "Using your location to find nearby restraunts.";
				INFOPLIST_KEY_NSLocationWhenInUseUsageDescription = "Using your location to find nearby restraunts.";
				INFOPLIST_KEY_UIApplicationSceneManifest_Generation = YES;
				INFOPLIST_KEY_UIApplicationSupportsIndirectInputEvents = YES;
				INFOPLIST_KEY_UILaunchScreen_Generation = YES;
				INFOPLIST_KEY_UISupportedInterfaceOrientations = UIInterfaceOrientationPortrait;
				INFOPLIST_KEY_UIUserInterfaceStyle = Light;
				IPHONEOS_DEPLOYMENT_TARGET = 17.0;
				LD_RUNPATH_SEARCH_PATHS = (
					"$(inherited)",
					"@executable_path/Frameworks",
				);
				MARKETING_VERSION = 1.0;
				PRODUCT_BUNDLE_IDENTIFIER = org.hackerdojo.bitebuddies;
				PRODUCT_NAME = "$(TARGET_NAME)";
				PROVISIONING_PROFILE_SPECIFIER = "";
				SUPPORTED_PLATFORMS = "iphoneos iphonesimulator";
				SUPPORTS_MACCATALYST = NO;
				SWIFT_EMIT_LOC_STRINGS = YES;
				SWIFT_VERSION = 5.0;
				TARGETED_DEVICE_FAMILY = 1;
			};
			name = Debug;
		};
		93F1011B2C5EB63F00704FAE /* Release */ = {
			isa = XCBuildConfiguration;
			buildSettings = {
				ASSETCATALOG_COMPILER_APPICON_NAME = AppIcon;
				ASSETCATALOG_COMPILER_GLOBAL_ACCENT_COLOR_NAME = AccentColor;
				CODE_SIGN_IDENTITY = "Apple Development";
				CODE_SIGN_STYLE = Automatic;
				CURRENT_PROJECT_VERSION = 1;
				DEVELOPMENT_TEAM = 56V747V83R;
				ENABLE_PREVIEWS = YES;
				GENERATE_INFOPLIST_FILE = YES;
				INFOPLIST_FILE = BiteBuddies/Info.plist;
				INFOPLIST_KEY_CFBundleDisplayName = "Bite Buddies";
				INFOPLIST_KEY_NSLocationAlwaysAndWhenInUseUsageDescription = "Using your location to find nearby restraunts.";
				INFOPLIST_KEY_NSLocationWhenInUseUsageDescription = "Using your location to find nearby restraunts.";
				INFOPLIST_KEY_UIApplicationSceneManifest_Generation = YES;
				INFOPLIST_KEY_UIApplicationSupportsIndirectInputEvents = YES;
				INFOPLIST_KEY_UILaunchScreen_Generation = YES;
				INFOPLIST_KEY_UISupportedInterfaceOrientations = UIInterfaceOrientationPortrait;
				INFOPLIST_KEY_UIUserInterfaceStyle = Light;
				IPHONEOS_DEPLOYMENT_TARGET = 17.0;
				LD_RUNPATH_SEARCH_PATHS = (
					"$(inherited)",
					"@executable_path/Frameworks",
				);
				MARKETING_VERSION = 1.0;
				PRODUCT_BUNDLE_IDENTIFIER = org.hackerdojo.bitebuddies;
				PRODUCT_NAME = "$(TARGET_NAME)";
				PROVISIONING_PROFILE_SPECIFIER = "";
				SUPPORTED_PLATFORMS = "iphoneos iphonesimulator";
				SUPPORTS_MACCATALYST = NO;
				SWIFT_EMIT_LOC_STRINGS = YES;
				SWIFT_VERSION = 5.0;
				TARGETED_DEVICE_FAMILY = 1;
			};
			name = Release;
		};
/* End XCBuildConfiguration section */

/* Begin XCConfigurationList section */
		93F101062C5EB63E00704FAE /* Build configuration list for PBXProject "BiteBuddies" */ = {
			isa = XCConfigurationList;
			buildConfigurations = (
				93F101172C5EB63F00704FAE /* Debug */,
				93F101182C5EB63F00704FAE /* Release */,
			);
			defaultConfigurationIsVisible = 0;
			defaultConfigurationName = Release;
		};
		93F101192C5EB63F00704FAE /* Build configuration list for PBXNativeTarget "BiteBuddies" */ = {
			isa = XCConfigurationList;
			buildConfigurations = (
				93F1011A2C5EB63F00704FAE /* Debug */,
				93F1011B2C5EB63F00704FAE /* Release */,
			);
			defaultConfigurationIsVisible = 0;
			defaultConfigurationName = Release;
		};
/* End XCConfigurationList section */

/* Begin XCRemoteSwiftPackageReference section */
		93F0FFDF2C5EF75200704835 /* XCRemoteSwiftPackageReference "FlowKit" */ = {
			isa = XCRemoteSwiftPackageReference;
			repositoryURL = "https://github.com/Mercen-Lee/FlowKit";
			requirement = {
				branch = main;
				kind = branch;
			};
		};
/* End XCRemoteSwiftPackageReference section */

/* Begin XCSwiftPackageProductDependency section */
		93F0FFE02C5EF75200704835 /* FlowKit */ = {
			isa = XCSwiftPackageProductDependency;
			package = 93F0FFDF2C5EF75200704835 /* XCRemoteSwiftPackageReference "FlowKit" */;
			productName = FlowKit;
		};
/* End XCSwiftPackageProductDependency section */
	};
	rootObject = 93F101032C5EB63E00704FAE /* Project object */;
}
