{
  "originHash" : "f5c45754d136bc282553b418c6ccbfd061e9a4abc3786adb2ac40bc1dde7d896",
  "pins" : [
    {
      "identity" : "alamofire",
      "kind" : "remoteSourceControl",
      "location" : "https://github.com/Alamofire/Alamofire",
      "state" : {
        "revision" : "f455c2975872ccd2d9c81594c658af65716e9b9a",
        "version" : "5.9.1"
      }
    },
    {
      "identity" : "flowkit",
      "kind" : "remoteSourceControl",
      "location" : "https://github.com/Mercen-Lee/FlowKit",
      "state" : {
        "branch" : "main",
        "revision" : "9defc64f19529e053a0b74494e083839eaffef51"
      }
    }
  ],
  "version" : 3
}
